
Microsoft Visual Studio Solution File, Format Version 12.00
# Visual Studio Version 16
VisualStudioVersion = 16.0.30711.63
MinimumVisualStudioVersion = 10.0.40219.1
Project("{FAE04EC0-301F-11D3-BF4B-00C04F79EFBC}") = "EasySaveApp", "EasySaveApp\EasySaveApp.csproj", "{6C81C711-5521-46A4-BF65-C04A11DFBB33}"
EndProject
Global
	GlobalSection(SolutionConfigurationPlatforms) = preSolution
		Debug|Any CPU = Debug|Any CPU
		Release|Any CPU = Release|Any CPU
	EndGlobalSection
	GlobalSection(ProjectConfigurationPlatforms) = postSolution
		{6C81C711-5521-46A4-BF65-C04A11DFBB33}.Debug|Any CPU.ActiveCfg = Debug|Any CPU
		{6C81C711-5521-46A4-BF65-C04A11DFBB33}.Debug|Any CPU.Build.0 = Debug|Any CPU
		{6C81C711-5521-46A4-BF65-C04A11DFBB33}.Release|Any CPU.ActiveCfg = Release|Any CPU
		{6C81C711-5521-46A4-BF65-C04A11DFBB33}.Release|Any CPU.Build.0 = Release|Any CPU
	EndGlobalSection
	GlobalSection(SolutionProperties) = preSolution
		HideSolutionNode = FALSE
	EndGlobalSection
	GlobalSection(ExtensibilityGlobals) = postSolution
		SolutionGuid = {6E315581-CFF5-4027-966B-728500CDD6F9}
	EndGlobalSection
EndGlobal
